
Microsoft Visual Studio Solution File, Format Version 12.00
# Visual Studio Version 17
VisualStudioVersion = 17.9.34728.123
MinimumVisualStudioVersion = 10.0.40219.1
Project("{FAE04EC0-301F-11D3-BF4B-00C04F79EFBC}") = "AgendaContatosApp", "AgendaContatosApp\AgendaContatosApp.csproj", "{3886B590-CC76-478B-8A8A-35504B438F8E}"
EndProject
Global
	GlobalSection(SolutionConfigurationPlatforms) = preSolution
		Debug|Any CPU = Debug|Any CPU
		Release|Any CPU = Release|Any CPU
	EndGlobalSection
	GlobalSection(ProjectConfigurationPlatforms) = postSolution
		{3886B590-CC76-478B-8A8A-35504B438F8E}.Debug|Any CPU.ActiveCfg = Debug|Any CPU
		{3886B590-CC76-478B-8A8A-35504B438F8E}.Debug|Any CPU.Build.0 = Debug|Any CPU
		{3886B590-CC76-478B-8A8A-35504B438F8E}.Release|Any CPU.ActiveCfg = Release|Any CPU
		{3886B590-CC76-478B-8A8A-35504B438F8E}.Release|Any CPU.Build.0 = Release|Any CPU
	EndGlobalSection
	GlobalSection(SolutionProperties) = preSolution
		HideSolutionNode = FALSE
	EndGlobalSection
	GlobalSection(ExtensibilityGlobals) = postSolution
		SolutionGuid = {14F5B33E-0953-482A-94BD-5CF8632C3AE3}
	EndGlobalSection
EndGlobal
